
Microsoft Visual Studio Solution File, Format Version 12.00
# Visual Studio 15
VisualStudioVersion = 15.0.26228.16
MinimumVisualStudioVersion = 10.0.40219.1
Project("{FAE04EC0-301F-11D3-BF4B-00C04F79EFBC}") = "Parqueo.Android", "Parqueo\Parqueo.Android\Parqueo.Android.csproj", "{8A488A6A-5C65-4355-B2CB-3EA911ED1F17}"
EndProject
Project("{FAE04EC0-301F-11D3-BF4B-00C04F79EFBC}") = "Parqueo", "Parqueo\Parqueo\Parqueo.csproj", "{D5B7AFB6-01F4-4BCA-A279-4BCF7D7F41CC}"
EndProject
Project("{FAE04EC0-301F-11D3-BF4B-00C04F79EFBC}") = "Parqueo.UWP", "Parqueo\Parqueo.UWP\Parqueo.UWP.csproj", "{2955C423-1B18-4A5D-B3C5-514A1C32E51B}"
EndProject
Project("{FAE04EC0-301F-11D3-BF4B-00C04F79EFBC}") = "Parqueo.iOS", "Parqueo\Parqueo.iOS\Parqueo.iOS.csproj", "{F1917A01-2FB9-46A7-AF03-EFF0882BBBBC}"
EndProject
Project("{FAE04EC0-301F-11D3-BF4B-00C04F79EFBC}") = "Api", "Api\Api.csproj", "{BB2292A9-B228-42AA-9006-81C11CD0DF6E}"
EndProject
Global
	GlobalSection(Performance) = preSolution
		HasPerformanceSessions = true
	EndGlobalSection
	GlobalSection(SolutionConfigurationPlatforms) = preSolution
		Ad-Hoc|Any CPU = Ad-Hoc|Any CPU
		Ad-Hoc|ARM = Ad-Hoc|ARM
		Ad-Hoc|iPhone = Ad-Hoc|iPhone
		Ad-Hoc|iPhoneSimulator = Ad-Hoc|iPhoneSimulator
		Ad-Hoc|x64 = Ad-Hoc|x64
		Ad-Hoc|x86 = Ad-Hoc|x86
		AppStore|Any CPU = AppStore|Any CPU
		AppStore|ARM = AppStore|ARM
		AppStore|iPhone = AppStore|iPhone
		AppStore|iPhoneSimulator = AppStore|iPhoneSimulator
		AppStore|x64 = AppStore|x64
		AppStore|x86 = AppStore|x86
		Debug|Any CPU = Debug|Any CPU
		Debug|ARM = Debug|ARM
		Debug|iPhone = Debug|iPhone
		Debug|iPhoneSimulator = Debug|iPhoneSimulator
		Debug|x64 = Debug|x64
		Debug|x86 = Debug|x86
		Release|Any CPU = Release|Any CPU
		Release|ARM = Release|ARM
		Release|iPhone = Release|iPhone
		Release|iPhoneSimulator = Release|iPhoneSimulator
		Release|x64 = Release|x64
		Release|x86 = Release|x86
	EndGlobalSection
	GlobalSection(ProjectConfigurationPlatforms) = postSolution
		{8A488A6A-5C65-4355-B2CB-3EA911ED1F17}.Ad-Hoc|Any CPU.ActiveCfg = Release|Any CPU
		{8A488A6A-5C65-4355-B2CB-3EA911ED1F17}.Ad-Hoc|Any CPU.Build.0 = Release|Any CPU
		{8A488A6A-5C65-4355-B2CB-3EA911ED1F17}.Ad-Hoc|Any CPU.Deploy.0 = Release|Any CPU
		{8A488A6A-5C65-4355-B2CB-3EA911ED1F17}.Ad-Hoc|ARM.ActiveCfg = Release|Any CPU
		{8A488A6A-5C65-4355-B2CB-3EA911ED1F17}.Ad-Hoc|ARM.Build.0 = Release|Any CPU
		{8A488A6A-5C65-4355-B2CB-3EA911ED1F17}.Ad-Hoc|ARM.Deploy.0 = Release|Any CPU
		{8A488A6A-5C65-4355-B2CB-3EA911ED1F17}.Ad-Hoc|iPhone.ActiveCfg = Release|Any CPU
		{8A488A6A-5C65-4355-B2CB-3EA911ED1F17}.Ad-Hoc|iPhone.Build.0 = Release|Any CPU
		{8A488A6A-5C65-4355-B2CB-3EA911ED1F17}.Ad-Hoc|iPhone.Deploy.0 = Release|Any CPU
		{8A488A6A-5C65-4355-B2CB-3EA911ED1F17}.Ad-Hoc|iPhoneSimulator.ActiveCfg = Release|Any CPU
		{8A488A6A-5C65-4355-B2CB-3EA911ED1F17}.Ad-Hoc|iPhoneSimulator.Build.0 = Release|Any CPU
		{8A488A6A-5C65-4355-B2CB-3EA911ED1F17}.Ad-Hoc|iPhoneSimulator.Deploy.0 = Release|Any CPU
		{8A488A6A-5C65-4355-B2CB-3EA911ED1F17}.Ad-Hoc|x64.ActiveCfg = Release|Any CPU
		{8A488A6A-5C65-4355-B2CB-3EA911ED1F17}.Ad-Hoc|x64.Build.0 = Release|Any CPU
		{8A488A6A-5C65-4355-B2CB-3EA911ED1F17}.Ad-Hoc|x64.Deploy.0 = Release|Any CPU
		{8A488A6A-5C65-4355-B2CB-3EA911ED1F17}.Ad-Hoc|x86.ActiveCfg = Release|Any CPU
		{8A488A6A-5C65-4355-B2CB-3EA911ED1F17}.Ad-Hoc|x86.Build.0 = Release|Any CPU
		{8A488A6A-5C65-4355-B2CB-3EA911ED1F17}.Ad-Hoc|x86.Deploy.0 = Release|Any CPU
		{8A488A6A-5C65-4355-B2CB-3EA911ED1F17}.AppStore|Any CPU.ActiveCfg = Release|Any CPU
		{8A488A6A-5C65-4355-B2CB-3EA911ED1F17}.AppStore|Any CPU.Build.0 = Release|Any CPU
		{8A488A6A-5C65-4355-B2CB-3EA911ED1F17}.AppStore|Any CPU.Deploy.0 = Release|Any CPU
		{8A488A6A-5C65-4355-B2CB-3EA911ED1F17}.AppStore|ARM.ActiveCfg = Release|Any CPU
		{8A488A6A-5C65-4355-B2CB-3EA911ED1F17}.AppStore|ARM.Build.0 = Release|Any CPU
		{8A488A6A-5C65-4355-B2CB-3EA911ED1F17}.AppStore|ARM.Deploy.0 = Release|Any CPU
		{8A488A6A-5C65-4355-B2CB-3EA911ED1F17}.AppStore|iPhone.ActiveCfg = Release|Any CPU
		{8A488A6A-5C65-4355-B2CB-3EA911ED1F17}.AppStore|iPhone.Build.0 = Release|Any CPU
		{8A488A6A-5C65-4355-B2CB-3EA911ED1F17}.AppStore|iPhone.Deploy.0 = Release|Any CPU
		{8A488A6A-5C65-4355-B2CB-3EA911ED1F17}.AppStore|iPhoneSimulator.ActiveCfg = Release|Any CPU
		{8A488A6A-5C65-4355-B2CB-3EA911ED1F17}.AppStore|iPhoneSimulator.Build.0 = Release|Any CPU
		{8A488A6A-5C65-4355-B2CB-3EA911ED1F17}.AppStore|iPhoneSimulator.Deploy.0 = Release|Any CPU
		{8A488A6A-5C65-4355-B2CB-3EA911ED1F17}.AppStore|x64.ActiveCfg = Release|Any CPU
		{8A488A6A-5C65-4355-B2CB-3EA911ED1F17}.AppStore|x64.Build.0 = Release|Any CPU
		{8A488A6A-5C65-4355-B2CB-3EA911ED1F17}.AppStore|x64.Deploy.0 = Release|Any CPU
		{8A488A6A-5C65-4355-B2CB-3EA911ED1F17}.AppStore|x86.ActiveCfg = Release|Any CPU
		{8A488A6A-5C65-4355-B2CB-3EA911ED1F17}.AppStore|x86.Build.0 = Release|Any CPU
		{8A488A6A-5C65-4355-B2CB-3EA911ED1F17}.AppStore|x86.Deploy.0 = Release|Any CPU
		{8A488A6A-5C65-4355-B2CB-3EA911ED1F17}.Debug|Any CPU.ActiveCfg = Debug|Any CPU
		{8A488A6A-5C65-4355-B2CB-3EA911ED1F17}.Debug|Any CPU.Build.0 = Debug|Any CPU
		{8A488A6A-5C65-4355-B2CB-3EA911ED1F17}.Debug|Any CPU.Deploy.0 = Debug|Any CPU
		{8A488A6A-5C65-4355-B2CB-3EA911ED1F17}.Debug|ARM.ActiveCfg = Debug|Any CPU
		{8A488A6A-5C65-4355-B2CB-3EA911ED1F17}.Debug|ARM.Build.0 = Debug|Any CPU
		{8A488A6A-5C65-4355-B2CB-3EA911ED1F17}.Debug|ARM.Deploy.0 = Debug|Any CPU
		{8A488A6A-5C65-4355-B2CB-3EA911ED1F17}.Debug|iPhone.ActiveCfg = Debug|Any CPU
		{8A488A6A-5C65-4355-B2CB-3EA911ED1F17}.Debug|iPhone.Build.0 = Debug|Any CPU
		{8A488A6A-5C65-4355-B2CB-3EA911ED1F17}.Debug|iPhone.Deploy.0 = Debug|Any CPU
		{8A488A6A-5C65-4355-B2CB-3EA911ED1F17}.Debug|iPhoneSimulator.ActiveCfg = Debug|Any CPU
		{8A488A6A-5C65-4355-B2CB-3EA911ED1F17}.Debug|iPhoneSimulator.Build.0 = Debug|Any CPU
		{8A488A6A-5C65-4355-B2CB-3EA911ED1F17}.Debug|iPhoneSimulator.Deploy.0 = Debug|Any CPU
		{8A488A6A-5C65-4355-B2CB-3EA911ED1F17}.Debug|x64.ActiveCfg = Debug|Any CPU
		{8A488A6A-5C65-4355-B2CB-3EA911ED1F17}.Debug|x64.Build.0 = Debug|Any CPU
		{8A488A6A-5C65-4355-B2CB-3EA911ED1F17}.Debug|x64.Deploy.0 = Debug|Any CPU
		{8A488A6A-5C65-4355-B2CB-3EA911ED1F17}.Debug|x86.ActiveCfg = Debug|Any CPU
		{8A488A6A-5C65-4355-B2CB-3EA911ED1F17}.Debug|x86.Build.0 = Debug|Any CPU
		{8A488A6A-5C65-4355-B2CB-3EA911ED1F17}.Debug|x86.Deploy.0 = Debug|Any CPU
		{8A488A6A-5C65-4355-B2CB-3EA911ED1F17}.Release|Any CPU.ActiveCfg = Release|Any CPU
		{8A488A6A-5C65-4355-B2CB-3EA911ED1F17}.Release|Any CPU.Build.0 = Release|Any CPU
		{8A488A6A-5C65-4355-B2CB-3EA911ED1F17}.Release|Any CPU.Deploy.0 = Release|Any CPU
		{8A488A6A-5C65-4355-B2CB-3EA911ED1F17}.Release|ARM.ActiveCfg = Release|Any CPU
		{8A488A6A-5C65-4355-B2CB-3EA911ED1F17}.Release|ARM.Build.0 = Release|Any CPU
		{8A488A6A-5C65-4355-B2CB-3EA911ED1F17}.Release|ARM.Deploy.0 = Release|Any CPU
		{8A488A6A-5C65-4355-B2CB-3EA911ED1F17}.Release|iPhone.ActiveCfg = Release|Any CPU
		{8A488A6A-5C65-4355-B2CB-3EA911ED1F17}.Release|iPhone.Build.0 = Release|Any CPU
		{8A488A6A-5C65-4355-B2CB-3EA911ED1F17}.Release|iPhone.Deploy.0 = Release|Any CPU
		{8A488A6A-5C65-4355-B2CB-3EA911ED1F17}.Release|iPhoneSimulator.ActiveCfg = Release|Any CPU
		{8A488A6A-5C65-4355-B2CB-3EA911ED1F17}.Release|iPhoneSimulator.Build.0 = Release|Any CPU
		{8A488A6A-5C65-4355-B2CB-3EA911ED1F17}.Release|iPhoneSimulator.Deploy.0 = Release|Any CPU
		{8A488A6A-5C65-4355-B2CB-3EA911ED1F17}.Release|x64.ActiveCfg = Release|Any CPU
		{8A488A6A-5C65-4355-B2CB-3EA911ED1F17}.Release|x64.Build.0 = Release|Any CPU
		{8A488A6A-5C65-4355-B2CB-3EA911ED1F17}.Release|x64.Deploy.0 = Release|Any CPU
		{8A488A6A-5C65-4355-B2CB-3EA911ED1F17}.Release|x86.ActiveCfg = Release|Any CPU
		{8A488A6A-5C65-4355-B2CB-3EA911ED1F17}.Release|x86.Build.0 = Release|Any CPU
		{8A488A6A-5C65-4355-B2CB-3EA911ED1F17}.Release|x86.Deploy.0 = Release|Any CPU
		{D5B7AFB6-01F4-4BCA-A279-4BCF7D7F41CC}.Ad-Hoc|Any CPU.ActiveCfg = Release|Any CPU
		{D5B7AFB6-01F4-4BCA-A279-4BCF7D7F41CC}.Ad-Hoc|Any CPU.Build.0 = Release|Any CPU
		{D5B7AFB6-01F4-4BCA-A279-4BCF7D7F41CC}.Ad-Hoc|ARM.ActiveCfg = Release|Any CPU
		{D5B7AFB6-01F4-4BCA-A279-4BCF7D7F41CC}.Ad-Hoc|ARM.Build.0 = Release|Any CPU
		{D5B7AFB6-01F4-4BCA-A279-4BCF7D7F41CC}.Ad-Hoc|iPhone.ActiveCfg = Release|Any CPU
		{D5B7AFB6-01F4-4BCA-A279-4BCF7D7F41CC}.Ad-Hoc|iPhone.Build.0 = Release|Any CPU
		{D5B7AFB6-01F4-4BCA-A279-4BCF7D7F41CC}.Ad-Hoc|iPhoneSimulator.ActiveCfg = Release|Any CPU
		{D5B7AFB6-01F4-4BCA-A279-4BCF7D7F41CC}.Ad-Hoc|iPhoneSimulator.Build.0 = Release|Any CPU
		{D5B7AFB6-01F4-4BCA-A279-4BCF7D7F41CC}.Ad-Hoc|x64.ActiveCfg = Release|Any CPU
		{D5B7AFB6-01F4-4BCA-A279-4BCF7D7F41CC}.Ad-Hoc|x64.Build.0 = Release|Any CPU
		{D5B7AFB6-01F4-4BCA-A279-4BCF7D7F41CC}.Ad-Hoc|x86.ActiveCfg = Release|Any CPU
		{D5B7AFB6-01F4-4BCA-A279-4BCF7D7F41CC}.Ad-Hoc|x86.Build.0 = Release|Any CPU
		{D5B7AFB6-01F4-4BCA-A279-4BCF7D7F41CC}.AppStore|Any CPU.ActiveCfg = Release|Any CPU
		{D5B7AFB6-01F4-4BCA-A279-4BCF7D7F41CC}.AppStore|Any CPU.Build.0 = Release|Any CPU
		{D5B7AFB6-01F4-4BCA-A279-4BCF7D7F41CC}.AppStore|ARM.ActiveCfg = Release|Any CPU
		{D5B7AFB6-01F4-4BCA-A279-4BCF7D7F41CC}.AppStore|ARM.Build.0 = Release|Any CPU
		{D5B7AFB6-01F4-4BCA-A279-4BCF7D7F41CC}.AppStore|iPhone.ActiveCfg = Release|Any CPU
		{D5B7AFB6-01F4-4BCA-A279-4BCF7D7F41CC}.AppStore|iPhone.Build.0 = Release|Any CPU
		{D5B7AFB6-01F4-4BCA-A279-4BCF7D7F41CC}.AppStore|iPhoneSimulator.ActiveCfg = Release|Any CPU
		{D5B7AFB6-01F4-4BCA-A279-4BCF7D7F41CC}.AppStore|iPhoneSimulator.Build.0 = Release|Any CPU
		{D5B7AFB6-01F4-4BCA-A279-4BCF7D7F41CC}.AppStore|x64.ActiveCfg = Release|Any CPU
		{D5B7AFB6-01F4-4BCA-A279-4BCF7D7F41CC}.AppStore|x64.Build.0 = Release|Any CPU
		{D5B7AFB6-01F4-4BCA-A279-4BCF7D7F41CC}.AppStore|x86.ActiveCfg = Release|Any CPU
		{D5B7AFB6-01F4-4BCA-A279-4BCF7D7F41CC}.AppStore|x86.Build.0 = Release|Any CPU
		{D5B7AFB6-01F4-4BCA-A279-4BCF7D7F41CC}.Debug|Any CPU.ActiveCfg = Debug|Any CPU
		{D5B7AFB6-01F4-4BCA-A279-4BCF7D7F41CC}.Debug|Any CPU.Build.0 = Debug|Any CPU
		{D5B7AFB6-01F4-4BCA-A279-4BCF7D7F41CC}.Debug|ARM.ActiveCfg = Debug|Any CPU
		{D5B7AFB6-01F4-4BCA-A279-4BCF7D7F41CC}.Debug|ARM.Build.0 = Debug|Any CPU
		{D5B7AFB6-01F4-4BCA-A279-4BCF7D7F41CC}.Debug|iPhone.ActiveCfg = Debug|Any CPU
		{D5B7AFB6-01F4-4BCA-A279-4BCF7D7F41CC}.Debug|iPhone.Build.0 = Debug|Any CPU
		{D5B7AFB6-01F4-4BCA-A279-4BCF7D7F41CC}.Debug|iPhoneSimulator.ActiveCfg = Debug|Any CPU
		{D5B7AFB6-01F4-4BCA-A279-4BCF7D7F41CC}.Debug|iPhoneSimulator.Build.0 = Debug|Any CPU
		{D5B7AFB6-01F4-4BCA-A279-4BCF7D7F41CC}.Debug|x64.ActiveCfg = Debug|Any CPU
		{D5B7AFB6-01F4-4BCA-A279-4BCF7D7F41CC}.Debug|x64.Build.0 = Debug|Any CPU
		{D5B7AFB6-01F4-4BCA-A279-4BCF7D7F41CC}.Debug|x86.ActiveCfg = Debug|Any CPU
		{D5B7AFB6-01F4-4BCA-A279-4BCF7D7F41CC}.Debug|x86.Build.0 = Debug|Any CPU
		{D5B7AFB6-01F4-4BCA-A279-4BCF7D7F41CC}.Release|Any CPU.ActiveCfg = Release|Any CPU
		{D5B7AFB6-01F4-4BCA-A279-4BCF7D7F41CC}.Release|Any CPU.Build.0 = Release|Any CPU
		{D5B7AFB6-01F4-4BCA-A279-4BCF7D7F41CC}.Release|ARM.ActiveCfg = Release|Any CPU
		{D5B7AFB6-01F4-4BCA-A279-4BCF7D7F41CC}.Release|ARM.Build.0 = Release|Any CPU
		{D5B7AFB6-01F4-4BCA-A279-4BCF7D7F41CC}.Release|iPhone.ActiveCfg = Release|Any CPU
		{D5B7AFB6-01F4-4BCA-A279-4BCF7D7F41CC}.Release|iPhone.Build.0 = Release|Any CPU
		{D5B7AFB6-01F4-4BCA-A279-4BCF7D7F41CC}.Release|iPhoneSimulator.ActiveCfg = Release|Any CPU
		{D5B7AFB6-01F4-4BCA-A279-4BCF7D7F41CC}.Release|iPhoneSimulator.Build.0 = Release|Any CPU
		{D5B7AFB6-01F4-4BCA-A279-4BCF7D7F41CC}.Release|x64.ActiveCfg = Release|Any CPU
		{D5B7AFB6-01F4-4BCA-A279-4BCF7D7F41CC}.Release|x64.Build.0 = Release|Any CPU
		{D5B7AFB6-01F4-4BCA-A279-4BCF7D7F41CC}.Release|x86.ActiveCfg = Release|Any CPU
		{D5B7AFB6-01F4-4BCA-A279-4BCF7D7F41CC}.Release|x86.Build.0 = Release|Any CPU
		{2955C423-1B18-4A5D-B3C5-514A1C32E51B}.Ad-Hoc|Any CPU.ActiveCfg = Release|x86
		{2955C423-1B18-4A5D-B3C5-514A1C32E51B}.Ad-Hoc|Any CPU.Build.0 = Release|x86
		{2955C423-1B18-4A5D-B3C5-514A1C32E51B}.Ad-Hoc|Any CPU.Deploy.0 = Release|x86
		{2955C423-1B18-4A5D-B3C5-514A1C32E51B}.Ad-Hoc|ARM.ActiveCfg = Release|ARM
		{2955C423-1B18-4A5D-B3C5-514A1C32E51B}.Ad-Hoc|ARM.Build.0 = Release|ARM
		{2955C423-1B18-4A5D-B3C5-514A1C32E51B}.Ad-Hoc|ARM.Deploy.0 = Release|ARM
		{2955C423-1B18-4A5D-B3C5-514A1C32E51B}.Ad-Hoc|iPhone.ActiveCfg = Release|x86
		{2955C423-1B18-4A5D-B3C5-514A1C32E51B}.Ad-Hoc|iPhone.Build.0 = Release|x86
		{2955C423-1B18-4A5D-B3C5-514A1C32E51B}.Ad-Hoc|iPhone.Deploy.0 = Release|x86
		{2955C423-1B18-4A5D-B3C5-514A1C32E51B}.Ad-Hoc|iPhoneSimulator.ActiveCfg = Release|x86
		{2955C423-1B18-4A5D-B3C5-514A1C32E51B}.Ad-Hoc|iPhoneSimulator.Build.0 = Release|x86
		{2955C423-1B18-4A5D-B3C5-514A1C32E51B}.Ad-Hoc|iPhoneSimulator.Deploy.0 = Release|x86
		{2955C423-1B18-4A5D-B3C5-514A1C32E51B}.Ad-Hoc|x64.ActiveCfg = Release|x64
		{2955C423-1B18-4A5D-B3C5-514A1C32E51B}.Ad-Hoc|x64.Build.0 = Release|x64
		{2955C423-1B18-4A5D-B3C5-514A1C32E51B}.Ad-Hoc|x64.Deploy.0 = Release|x64
		{2955C423-1B18-4A5D-B3C5-514A1C32E51B}.Ad-Hoc|x86.ActiveCfg = Release|x86
		{2955C423-1B18-4A5D-B3C5-514A1C32E51B}.Ad-Hoc|x86.Build.0 = Release|x86
		{2955C423-1B18-4A5D-B3C5-514A1C32E51B}.Ad-Hoc|x86.Deploy.0 = Release|x86
		{2955C423-1B18-4A5D-B3C5-514A1C32E51B}.AppStore|Any CPU.ActiveCfg = Release|x86
		{2955C423-1B18-4A5D-B3C5-514A1C32E51B}.AppStore|Any CPU.Build.0 = Release|x86
		{2955C423-1B18-4A5D-B3C5-514A1C32E51B}.AppStore|Any CPU.Deploy.0 = Release|x86
		{2955C423-1B18-4A5D-B3C5-514A1C32E51B}.AppStore|ARM.ActiveCfg = Release|ARM
		{2955C423-1B18-4A5D-B3C5-514A1C32E51B}.AppStore|ARM.Build.0 = Release|ARM
		{2955C423-1B18-4A5D-B3C5-514A1C32E51B}.AppStore|ARM.Deploy.0 = Release|ARM
		{2955C423-1B18-4A5D-B3C5-514A1C32E51B}.AppStore|iPhone.ActiveCfg = Release|x86
		{2955C423-1B18-4A5D-B3C5-514A1C32E51B}.AppStore|iPhone.Build.0 = Release|x86
		{2955C423-1B18-4A5D-B3C5-514A1C32E51B}.AppStore|iPhone.Deploy.0 = Release|x86
		{2955C423-1B18-4A5D-B3C5-514A1C32E51B}.AppStore|iPhoneSimulator.ActiveCfg = Release|x86
		{2955C423-1B18-4A5D-B3C5-514A1C32E51B}.AppStore|iPhoneSimulator.Build.0 = Release|x86
		{2955C423-1B18-4A5D-B3C5-514A1C32E51B}.AppStore|iPhoneSimulator.Deploy.0 = Release|x86
		{2955C423-1B18-4A5D-B3C5-514A1C32E51B}.AppStore|x64.ActiveCfg = Release|x64
		{2955C423-1B18-4A5D-B3C5-514A1C32E51B}.AppStore|x64.Build.0 = Release|x64
		{2955C423-1B18-4A5D-B3C5-514A1C32E51B}.AppStore|x64.Deploy.0 = Release|x64
		{2955C423-1B18-4A5D-B3C5-514A1C32E51B}.AppStore|x86.ActiveCfg = Release|x86
		{2955C423-1B18-4A5D-B3C5-514A1C32E51B}.AppStore|x86.Build.0 = Release|x86
		{2955C423-1B18-4A5D-B3C5-514A1C32E51B}.AppStore|x86.Deploy.0 = Release|x86
		{2955C423-1B18-4A5D-B3C5-514A1C32E51B}.Debug|Any CPU.ActiveCfg = Debug|x86
		{2955C423-1B18-4A5D-B3C5-514A1C32E51B}.Debug|ARM.ActiveCfg = Debug|ARM
		{2955C423-1B18-4A5D-B3C5-514A1C32E51B}.Debug|ARM.Build.0 = Debug|ARM
		{2955C423-1B18-4A5D-B3C5-514A1C32E51B}.Debug|ARM.Deploy.0 = Debug|ARM
		{2955C423-1B18-4A5D-B3C5-514A1C32E51B}.Debug|iPhone.ActiveCfg = Debug|x86
		{2955C423-1B18-4A5D-B3C5-514A1C32E51B}.Debug|iPhoneSimulator.ActiveCfg = Debug|x86
		{2955C423-1B18-4A5D-B3C5-514A1C32E51B}.Debug|x64.ActiveCfg = Debug|x64
		{2955C423-1B18-4A5D-B3C5-514A1C32E51B}.Debug|x64.Build.0 = Debug|x64
		{2955C423-1B18-4A5D-B3C5-514A1C32E51B}.Debug|x64.Deploy.0 = Debug|x64
		{2955C423-1B18-4A5D-B3C5-514A1C32E51B}.Debug|x86.ActiveCfg = Debug|x86
		{2955C423-1B18-4A5D-B3C5-514A1C32E51B}.Debug|x86.Build.0 = Debug|x86
		{2955C423-1B18-4A5D-B3C5-514A1C32E51B}.Debug|x86.Deploy.0 = Debug|x86
		{2955C423-1B18-4A5D-B3C5-514A1C32E51B}.Release|Any CPU.ActiveCfg = Release|x86
		{2955C423-1B18-4A5D-B3C5-514A1C32E51B}.Release|ARM.ActiveCfg = Release|ARM
		{2955C423-1B18-4A5D-B3C5-514A1C32E51B}.Release|ARM.Build.0 = Release|ARM
		{2955C423-1B18-4A5D-B3C5-514A1C32E51B}.Release|ARM.Deploy.0 = Release|ARM
		{2955C423-1B18-4A5D-B3C5-514A1C32E51B}.Release|iPhone.ActiveCfg = Release|x86
		{2955C423-1B18-4A5D-B3C5-514A1C32E51B}.Release|iPhoneSimulator.ActiveCfg = Release|x86
		{2955C423-1B18-4A5D-B3C5-514A1C32E51B}.Release|x64.ActiveCfg = Release|x64
		{2955C423-1B18-4A5D-B3C5-514A1C32E51B}.Release|x64.Build.0 = Release|x64
		{2955C423-1B18-4A5D-B3C5-514A1C32E51B}.Release|x64.Deploy.0 = Release|x64
		{2955C423-1B18-4A5D-B3C5-514A1C32E51B}.Release|x86.ActiveCfg = Release|x86
		{2955C423-1B18-4A5D-B3C5-514A1C32E51B}.Release|x86.Build.0 = Release|x86
		{2955C423-1B18-4A5D-B3C5-514A1C32E51B}.Release|x86.Deploy.0 = Release|x86
		{F1917A01-2FB9-46A7-AF03-EFF0882BBBBC}.Ad-Hoc|Any CPU.ActiveCfg = Ad-Hoc|iPhone
		{F1917A01-2FB9-46A7-AF03-EFF0882BBBBC}.Ad-Hoc|ARM.ActiveCfg = Ad-Hoc|iPhone
		{F1917A01-2FB9-46A7-AF03-EFF0882BBBBC}.Ad-Hoc|iPhone.ActiveCfg = Ad-Hoc|iPhone
		{F1917A01-2FB9-46A7-AF03-EFF0882BBBBC}.Ad-Hoc|iPhone.Build.0 = Ad-Hoc|iPhone
		{F1917A01-2FB9-46A7-AF03-EFF0882BBBBC}.Ad-Hoc|iPhoneSimulator.ActiveCfg = Ad-Hoc|iPhoneSimulator
		{F1917A01-2FB9-46A7-AF03-EFF0882BBBBC}.Ad-Hoc|iPhoneSimulator.Build.0 = Ad-Hoc|iPhoneSimulator
		{F1917A01-2FB9-46A7-AF03-EFF0882BBBBC}.Ad-Hoc|x64.ActiveCfg = Ad-Hoc|iPhone
		{F1917A01-2FB9-46A7-AF03-EFF0882BBBBC}.Ad-Hoc|x86.ActiveCfg = Ad-Hoc|iPhone
		{F1917A01-2FB9-46A7-AF03-EFF0882BBBBC}.AppStore|Any CPU.ActiveCfg = AppStore|iPhone
		{F1917A01-2FB9-46A7-AF03-EFF0882BBBBC}.AppStore|ARM.ActiveCfg = AppStore|iPhone
		{F1917A01-2FB9-46A7-AF03-EFF0882BBBBC}.AppStore|iPhone.ActiveCfg = AppStore|iPhone
		{F1917A01-2FB9-46A7-AF03-EFF0882BBBBC}.AppStore|iPhone.Build.0 = AppStore|iPhone
		{F1917A01-2FB9-46A7-AF03-EFF0882BBBBC}.AppStore|iPhoneSimulator.ActiveCfg = AppStore|iPhoneSimulator
		{F1917A01-2FB9-46A7-AF03-EFF0882BBBBC}.AppStore|iPhoneSimulator.Build.0 = AppStore|iPhoneSimulator
		{F1917A01-2FB9-46A7-AF03-EFF0882BBBBC}.AppStore|x64.ActiveCfg = AppStore|iPhone
		{F1917A01-2FB9-46A7-AF03-EFF0882BBBBC}.AppStore|x86.ActiveCfg = AppStore|iPhone
		{F1917A01-2FB9-46A7-AF03-EFF0882BBBBC}.Debug|Any CPU.ActiveCfg = Debug|iPhone
		{F1917A01-2FB9-46A7-AF03-EFF0882BBBBC}.Debug|ARM.ActiveCfg = Debug|iPhone
		{F1917A01-2FB9-46A7-AF03-EFF0882BBBBC}.Debug|iPhone.ActiveCfg = Debug|iPhone
		{F1917A01-2FB9-46A7-AF03-EFF0882BBBBC}.Debug|iPhone.Build.0 = Debug|iPhone
		{F1917A01-2FB9-46A7-AF03-EFF0882BBBBC}.Debug|iPhoneSimulator.ActiveCfg = Debug|iPhoneSimulator
		{F1917A01-2FB9-46A7-AF03-EFF0882BBBBC}.Debug|iPhoneSimulator.Build.0 = Debug|iPhoneSimulator
		{F1917A01-2FB9-46A7-AF03-EFF0882BBBBC}.Debug|x64.ActiveCfg = Debug|iPhone
		{F1917A01-2FB9-46A7-AF03-EFF0882BBBBC}.Debug|x86.ActiveCfg = Debug|iPhone
		{F1917A01-2FB9-46A7-AF03-EFF0882BBBBC}.Release|Any CPU.ActiveCfg = Release|iPhone
		{F1917A01-2FB9-46A7-AF03-EFF0882BBBBC}.Release|ARM.ActiveCfg = Release|iPhone
		{F1917A01-2FB9-46A7-AF03-EFF0882BBBBC}.Release|iPhone.ActiveCfg = Release|iPhone
		{F1917A01-2FB9-46A7-AF03-EFF0882BBBBC}.Release|iPhone.Build.0 = Release|iPhone
		{F1917A01-2FB9-46A7-AF03-EFF0882BBBBC}.Release|iPhoneSimulator.ActiveCfg = Release|iPhoneSimulator
		{F1917A01-2FB9-46A7-AF03-EFF0882BBBBC}.Release|iPhoneSimulator.Build.0 = Release|iPhoneSimulator
		{F1917A01-2FB9-46A7-AF03-EFF0882BBBBC}.Release|x64.ActiveCfg = Release|iPhone
		{F1917A01-2FB9-46A7-AF03-EFF0882BBBBC}.Release|x86.ActiveCfg = Release|iPhone
		{BB2292A9-B228-42AA-9006-81C11CD0DF6E}.Ad-Hoc|Any CPU.ActiveCfg = Release|Any CPU
		{BB2292A9-B228-42AA-9006-81C11CD0DF6E}.Ad-Hoc|Any CPU.Build.0 = Release|Any CPU
		{BB2292A9-B228-42AA-9006-81C11CD0DF6E}.Ad-Hoc|ARM.ActiveCfg = Release|Any CPU
		{BB2292A9-B228-42AA-9006-81C11CD0DF6E}.Ad-Hoc|ARM.Build.0 = Release|Any CPU
		{BB2292A9-B228-42AA-9006-81C11CD0DF6E}.Ad-Hoc|iPhone.ActiveCfg = Release|Any CPU
		{BB2292A9-B228-42AA-9006-81C11CD0DF6E}.Ad-Hoc|iPhone.Build.0 = Release|Any CPU
		{BB2292A9-B228-42AA-9006-81C11CD0DF6E}.Ad-Hoc|iPhoneSimulator.ActiveCfg = Release|Any CPU
		{BB2292A9-B228-42AA-9006-81C11CD0DF6E}.Ad-Hoc|iPhoneSimulator.Build.0 = Release|Any CPU
		{BB2292A9-B228-42AA-9006-81C11CD0DF6E}.Ad-Hoc|x64.ActiveCfg = Release|Any CPU
		{BB2292A9-B228-42AA-9006-81C11CD0DF6E}.Ad-Hoc|x64.Build.0 = Release|Any CPU
		{BB2292A9-B228-42AA-9006-81C11CD0DF6E}.Ad-Hoc|x86.ActiveCfg = Release|Any CPU
		{BB2292A9-B228-42AA-9006-81C11CD0DF6E}.Ad-Hoc|x86.Build.0 = Release|Any CPU
		{BB2292A9-B228-42AA-9006-81C11CD0DF6E}.AppStore|Any CPU.ActiveCfg = Release|Any CPU
		{BB2292A9-B228-42AA-9006-81C11CD0DF6E}.AppStore|Any CPU.Build.0 = Release|Any CPU
		{BB2292A9-B228-42AA-9006-81C11CD0DF6E}.AppStore|ARM.ActiveCfg = Release|Any CPU
		{BB2292A9-B228-42AA-9006-81C11CD0DF6E}.AppStore|ARM.Build.0 = Release|Any CPU
		{BB2292A9-B228-42AA-9006-81C11CD0DF6E}.AppStore|iPhone.ActiveCfg = Release|Any CPU
		{BB2292A9-B228-42AA-9006-81C11CD0DF6E}.AppStore|iPhone.Build.0 = Release|Any CPU
		{BB2292A9-B228-42AA-9006-81C11CD0DF6E}.AppStore|iPhoneSimulator.ActiveCfg = Release|Any CPU
		{BB2292A9-B228-42AA-9006-81C11CD0DF6E}.AppStore|iPhoneSimulator.Build.0 = Release|Any CPU
		{BB2292A9-B228-42AA-9006-81C11CD0DF6E}.AppStore|x64.ActiveCfg = Release|Any CPU
		{BB2292A9-B228-42AA-9006-81C11CD0DF6E}.AppStore|x64.Build.0 = Release|Any CPU
		{BB2292A9-B228-42AA-9006-81C11CD0DF6E}.AppStore|x86.ActiveCfg = Release|Any CPU
		{BB2292A9-B228-42AA-9006-81C11CD0DF6E}.AppStore|x86.Build.0 = Release|Any CPU
		{BB2292A9-B228-42AA-9006-81C11CD0DF6E}.Debug|Any CPU.ActiveCfg = Debug|Any CPU
		{BB2292A9-B228-42AA-9006-81C11CD0DF6E}.Debug|Any CPU.Build.0 = Debug|Any CPU
		{BB2292A9-B228-42AA-9006-81C11CD0DF6E}.Debug|ARM.ActiveCfg = Debug|Any CPU
		{BB2292A9-B228-42AA-9006-81C11CD0DF6E}.Debug|ARM.Build.0 = Debug|Any CPU
		{BB2292A9-B228-42AA-9006-81C11CD0DF6E}.Debug|iPhone.ActiveCfg = Debug|Any CPU
		{BB2292A9-B228-42AA-9006-81C11CD0DF6E}.Debug|iPhone.Build.0 = Debug|Any CPU
		{BB2292A9-B228-42AA-9006-81C11CD0DF6E}.Debug|iPhoneSimulator.ActiveCfg = Debug|Any CPU
		{BB2292A9-B228-42AA-9006-81C11CD0DF6E}.Debug|iPhoneSimulator.Build.0 = Debug|Any CPU
		{BB2292A9-B228-42AA-9006-81C11CD0DF6E}.Debug|x64.ActiveCfg = Debug|Any CPU
		{BB2292A9-B228-42AA-9006-81C11CD0DF6E}.Debug|x64.Build.0 = Debug|Any CPU
		{BB2292A9-B228-42AA-9006-81C11CD0DF6E}.Debug|x86.ActiveCfg = Debug|Any CPU
		{BB2292A9-B228-42AA-9006-81C11CD0DF6E}.Debug|x86.Build.0 = Debug|Any CPU
		{BB2292A9-B228-42AA-9006-81C11CD0DF6E}.Release|Any CPU.ActiveCfg = Release|Any CPU
		{BB2292A9-B228-42AA-9006-81C11CD0DF6E}.Release|Any CPU.Build.0 = Release|Any CPU
		{BB2292A9-B228-42AA-9006-81C11CD0DF6E}.Release|ARM.ActiveCfg = Release|Any CPU
		{BB2292A9-B228-42AA-9006-81C11CD0DF6E}.Release|ARM.Build.0 = Release|Any CPU
		{BB2292A9-B228-42AA-9006-81C11CD0DF6E}.Release|iPhone.ActiveCfg = Release|Any CPU
		{BB2292A9-B228-42AA-9006-81C11CD0DF6E}.Release|iPhone.Build.0 = Release|Any CPU
		{BB2292A9-B228-42AA-9006-81C11CD0DF6E}.Release|iPhoneSimulator.ActiveCfg = Release|Any CPU
		{BB2292A9-B228-42AA-9006-81C11CD0DF6E}.Release|iPhoneSimulator.Build.0 = Release|Any CPU
		{BB2292A9-B228-42AA-9006-81C11CD0DF6E}.Release|x64.ActiveCfg = Release|Any CPU
		{BB2292A9-B228-42AA-9006-81C11CD0DF6E}.Release|x64.Build.0 = Release|Any CPU
		{BB2292A9-B228-42AA-9006-81C11CD0DF6E}.Release|x86.ActiveCfg = Release|Any CPU
		{BB2292A9-B228-42AA-9006-81C11CD0DF6E}.Release|x86.Build.0 = Release|Any CPU
	EndGlobalSection
	GlobalSection(SolutionProperties) = preSolution
		HideSolutionNode = FALSE
	EndGlobalSection
	GlobalSection(TeamFoundationVersionControl) = preSolution
		SccNumberOfProjects = 6
		SccEnterpriseProvider = {4CA58AB2-18FA-4F8D-95D4-32DDF27D184C}
		SccTeamFoundationServer = http://tfs-server.grupobabel.com:8080/tfs/grupobabel
		SccLocalPath0 = .
		SccProjectUniqueName1 = Parqueo\\Parqueo.Android\\Parqueo.Android.csproj
		SccProjectName1 = Parqueo/Parqueo.Android
		SccLocalPath1 = Parqueo\\Parqueo.Android
		SccProjectUniqueName2 = Parqueo\\Parqueo\\Parqueo.csproj
		SccProjectName2 = Parqueo/Parqueo
		SccLocalPath2 = Parqueo\\Parqueo
		SccProjectUniqueName3 = Parqueo\\Parqueo.UWP\\Parqueo.UWP.csproj
		SccProjectName3 = Parqueo/Parqueo.UWP
		SccLocalPath3 = Parqueo\\Parqueo.UWP
		SccProjectUniqueName4 = Parqueo\\Parqueo.iOS\\Parqueo.iOS.csproj
		SccProjectName4 = Parqueo/Parqueo.iOS
		SccLocalPath4 = Parqueo\\Parqueo.iOS
		SccProjectUniqueName5 = Api\\Api.csproj
		SccProjectName5 = Api
		SccLocalPath5 = Api
	EndGlobalSection
EndGlobal
